
Microsoft Visual Studio Solution File, Format Version 12.00
# Visual Studio Version 16
VisualStudioVersion = 16.0.31613.86
MinimumVisualStudioVersion = 10.0.40219.1
Project("{FAE04EC0-301F-11D3-BF4B-00C04F79EFBC}") = "Aplicacion de consola", "Aplicacion de consola\Aplicacion de consola.csproj", "{60EA1658-BECE-4EFE-8266-10E7D084CA61}"
EndProject
Global
	GlobalSection(SolutionConfigurationPlatforms) = preSolution
		Debug|Any CPU = Debug|Any CPU
		Release|Any CPU = Release|Any CPU
	EndGlobalSection
	GlobalSection(ProjectConfigurationPlatforms) = postSolution
		{60EA1658-BECE-4EFE-8266-10E7D084CA61}.Debug|Any CPU.ActiveCfg = Debug|Any CPU
		{60EA1658-BECE-4EFE-8266-10E7D084CA61}.Debug|Any CPU.Build.0 = Debug|Any CPU
		{60EA1658-BECE-4EFE-8266-10E7D084CA61}.Release|Any CPU.ActiveCfg = Release|Any CPU
		{60EA1658-BECE-4EFE-8266-10E7D084CA61}.Release|Any CPU.Build.0 = Release|Any CPU
	EndGlobalSection
	GlobalSection(SolutionProperties) = preSolution
		HideSolutionNode = FALSE
	EndGlobalSection
	GlobalSection(ExtensibilityGlobals) = postSolution
		SolutionGuid = {F739F8FD-B425-4D90-8118-1D37D07D3B79}
	EndGlobalSection
EndGlobal
